{
  "name": "front_end",
  "version": "0.0.0",
  "lockfileVersion": 1,
  "requires": true,
  "dependencies": {
    "adler-32": {
      "version": "1.1.0",
      "resolved": "https://registry.npmjs.org/adler-32/-/adler-32-1.1.0.tgz",
      "integrity": "sha1-A1UaXH8O371PyPoSpoFJeOq2UcM=",
      "requires": {
        "exit-on-epipe": "1.0.1",
        "printj": "1.1.0"
      }
    },
    "argparse": {
      "version": "https://registry.npmjs.org/argparse/-/argparse-1.0.9.tgz",
      "integrity": "sha1-c9g7wmP4bpf4zE9rrhsOkKfSLIY=",
      "requires": {
        "sprintf-js": "https://registry.npmjs.org/sprintf-js/-/sprintf-js-1.0.3.tgz"
      }
    },
    "asap": {
      "version": "https://registry.npmjs.org/asap/-/asap-2.0.6.tgz",
      "integrity": "sha1-5QNHYR1+aQlDIIu9r+vLwvuGbUY="
    },
    "babel-runtime": {
      "version": "https://registry.npmjs.org/babel-runtime/-/babel-runtime-6.26.0.tgz",
      "integrity": "sha1-llxwWGaOgrVde/4E/yM3vItWR/4=",
      "requires": {
        "core-js": "https://registry.npmjs.org/core-js/-/core-js-2.5.1.tgz",
        "regenerator-runtime": "https://registry.npmjs.org/regenerator-runtime/-/regenerator-runtime-0.11.0.tgz"
      },
      "dependencies": {
        "core-js": {
          "version": "https://registry.npmjs.org/core-js/-/core-js-2.5.1.tgz",
          "integrity": "sha1-rmh03GaTd4m4B1T/VCjfZoGcpQs="
        }
      }
    },
    "big.js": {
      "version": "https://registry.npmjs.org/big.js/-/big.js-3.2.0.tgz",
      "integrity": "sha1-pfwpi4G54Nyi5FiCR4S2XFK6WI4="
    },
    "bluebird": {
      "version": "3.4.7",
      "resolved": "https://registry.npmjs.org/bluebird/-/bluebird-3.4.7.tgz",
      "integrity": "sha1-9y12C+Cbf3bQjtj66Ysomo0F+rM="
    },
    "bootstrap": {
      "version": "https://registry.npmjs.org/bootstrap/-/bootstrap-3.3.7.tgz",
      "integrity": "sha1-WjiTlFSfIzMIdaOxUGVldPip63E=",
      "dev": true
    },
    "brcast": {
      "version": "3.0.1",
      "resolved": "https://registry.npmjs.org/brcast/-/brcast-3.0.1.tgz",
      "integrity": "sha1-YlaoNJsg3p7tRCV6myTXFJPNSN0="
    },
    "cfb": {
      "version": "0.12.1",
      "resolved": "https://registry.npmjs.org/cfb/-/cfb-0.12.1.tgz",
      "integrity": "sha1-V/rfqfwxQJsspYpBCeyqrFrRpOw=",
      "requires": {
        "commander": "2.11.0",
        "printj": "1.1.0"
      }
    },
    "chain-function": {
      "version": "1.0.0",
      "resolved": "https://registry.npmjs.org/chain-function/-/chain-function-1.0.0.tgz",
      "integrity": "sha1-DUqzfn4Y6tC9xHuSB2QRjOWHM9w="
    },
    "classnames": {
      "version": "https://registry.npmjs.org/classnames/-/classnames-2.2.5.tgz",
      "integrity": "sha1-+zgB1FNGdknvNgPH1hoCvRKb3m0="
    },
    "co": {
      "version": "https://registry.npmjs.org/co/-/co-4.6.0.tgz",
      "integrity": "sha1-bqa989hTrlTMuOR7+gvz+QMfsYQ="
    },
    "codepage": {
      "version": "1.10.2",
      "resolved": "https://registry.npmjs.org/codepage/-/codepage-1.10.2.tgz",
      "integrity": "sha1-vr0lIk3GJqAAfqAU4HbOBXN0dp4=",
      "requires": {
        "commander": "2.11.0",
        "exit-on-epipe": "1.0.1",
        "voc": "1.0.0"
      }
    },
    "comma-separated-values": {
      "version": "3.6.4",
      "resolved": "https://registry.npmjs.org/comma-separated-values/-/comma-separated-values-3.6.4.tgz",
      "integrity": "sha1-wwnscCT3S3rhkiM3IFQkJhfjW9I="
    },
    "commander": {
      "version": "2.11.0",
      "resolved": "https://registry.npmjs.org/commander/-/commander-2.11.0.tgz",
      "integrity": "sha1-FXFS/R56bI2YpbcVzzdt+SgARWM="
    },
    "core-js": {
      "version": "https://registry.npmjs.org/core-js/-/core-js-1.2.7.tgz",
      "integrity": "sha1-ZSKUwUZR2yj6k70tX/KYOk8IxjY="
    },
    "crc-32": {
      "version": "1.1.1",
      "resolved": "https://registry.npmjs.org/crc-32/-/crc-32-1.1.1.tgz",
      "integrity": "sha1-XXOdXkxuNSrYME1zIj1IP+Va240=",
      "requires": {
        "exit-on-epipe": "1.0.1",
        "printj": "1.1.0"
      }
    },
    "css-vendor": {
      "version": "0.3.8",
      "resolved": "https://registry.npmjs.org/css-vendor/-/css-vendor-0.3.8.tgz",
      "integrity": "sha1-ZCHP0wNM5mT+dnOXL9ARn8KJQfo=",
      "requires": {
        "is-in-browser": "1.1.3"
      }
    },
    "datatables.net": {
      "version": "1.10.16",
      "resolved": "https://registry.npmjs.org/datatables.net/-/datatables.net-1.10.16.tgz",
      "integrity": "sha1-SwUtEIKCQmG2ju2dInQbcR09JGk=",
      "dev": true,
      "requires": {
        "jquery": "3.2.1"
      }
    },
    "dom-helpers": {
      "version": "https://registry.npmjs.org/dom-helpers/-/dom-helpers-3.2.1.tgz",
      "integrity": "sha1-MgPgf+0he9H0JLAZc1WC/Deyglo="
    },
    "duck": {
      "version": "0.1.11",
      "resolved": "https://registry.npmjs.org/duck/-/duck-0.1.11.tgz",
      "integrity": "sha1-OtwaPS+91Yef/TvaBc4PaTVekJM=",
      "requires": {
        "underscore": "1.4.4"
      },
      "dependencies": {
        "underscore": {
          "version": "1.4.4",
          "resolved": "https://registry.npmjs.org/underscore/-/underscore-1.4.4.tgz",
          "integrity": "sha1-YaajIBBiKvoHljvzJSA88SI51gQ="
        }
      }
    },
    "emojis-list": {
      "version": "https://registry.npmjs.org/emojis-list/-/emojis-list-2.1.0.tgz",
      "integrity": "sha1-TapNnbAPmBmIDHn6RXrlsJof04k="
    },
    "encoding": {
      "version": "https://registry.npmjs.org/encoding/-/encoding-0.1.12.tgz",
      "integrity": "sha1-U4tm8+5izRq1HsMjgp0flIDHS+s=",
      "requires": {
        "iconv-lite": "https://registry.npmjs.org/iconv-lite/-/iconv-lite-0.4.19.tgz"
      }
    },
    "exenv": {
      "version": "1.2.2",
      "resolved": "https://registry.npmjs.org/exenv/-/exenv-1.2.2.tgz",
      "integrity": "sha1-KueOhdmJQVhnCwPUe+wfA72Ru50="
    },
    "exit-on-epipe": {
      "version": "1.0.1",
      "resolved": "https://registry.npmjs.org/exit-on-epipe/-/exit-on-epipe-1.0.1.tgz",
      "integrity": "sha1-C92S6H1ShdJn2qgXHQ6wYVlolpI="
    },
    "fast-deep-equal": {
      "version": "1.0.0",
      "resolved": "https://registry.npmjs.org/fast-deep-equal/-/fast-deep-equal-1.0.0.tgz",
      "integrity": "sha1-liVqO8l1WV6zbYLpkp0GDYk0Of8="
    },
    "fast-json-stable-stringify": {
      "version": "2.0.0",
      "resolved": "https://registry.npmjs.org/fast-json-stable-stringify/-/fast-json-stable-stringify-2.0.0.tgz",
      "integrity": "sha1-1RQsDK7msRifh9OnYREGT4bIu/I="
    },
    "fbjs": {
      "version": "https://registry.npmjs.org/fbjs/-/fbjs-0.8.16.tgz",
      "integrity": "sha1-XmdDL1UNxBtXK/VYR7ispk5TN9s=",
      "requires": {
        "core-js": "https://registry.npmjs.org/core-js/-/core-js-1.2.7.tgz",
        "isomorphic-fetch": "https://registry.npmjs.org/isomorphic-fetch/-/isomorphic-fetch-2.2.1.tgz",
        "loose-envify": "https://registry.npmjs.org/loose-envify/-/loose-envify-1.3.1.tgz",
        "object-assign": "https://registry.npmjs.org/object-assign/-/object-assign-4.1.1.tgz",
        "promise": "https://registry.npmjs.org/promise/-/promise-7.3.1.tgz",
        "setimmediate": "https://registry.npmjs.org/setimmediate/-/setimmediate-1.0.5.tgz",
        "ua-parser-js": "https://registry.npmjs.org/ua-parser-js/-/ua-parser-js-0.7.17.tgz"
      }
    },
    "font-awesome": {
      "version": "https://registry.npmjs.org/font-awesome/-/font-awesome-4.7.0.tgz",
      "integrity": "sha1-j6jPBBGhoxr9B7BtKQK7n8gVoTM=",
      "dev": true
    },
    "frac": {
      "version": "1.1.0",
      "resolved": "https://registry.npmjs.org/frac/-/frac-1.1.0.tgz",
      "integrity": "sha1-3EN+nGpka2CxJ9gqxJAkZERcweM=",
      "requires": {
        "voc": "1.0.0"
      }
    },
    "glyphicons": {
      "version": "https://registry.npmjs.org/glyphicons/-/glyphicons-0.2.0.tgz",
      "integrity": "sha1-KR2OyXSZOp/IinK1jVQNr1UNo5k=",
      "dev": true
    },
    "hoist-non-react-statics": {
      "version": "https://registry.npmjs.org/hoist-non-react-statics/-/hoist-non-react-statics-2.3.1.tgz",
      "integrity": "sha1-ND24TGAYxlB3iJgkATWhQg7iLOA="
    },
    "iconv-lite": {
      "version": "https://registry.npmjs.org/iconv-lite/-/iconv-lite-0.4.19.tgz",
      "integrity": "sha1-90aPYBNfXl2tM5nAqBvpoWA6CCs="
    },
    "invariant": {
      "version": "https://registry.npmjs.org/invariant/-/invariant-2.2.2.tgz",
      "integrity": "sha1-nh9WrArNtr8wMwbzOL47IErmA2A=",
      "requires": {
        "loose-envify": "https://registry.npmjs.org/loose-envify/-/loose-envify-1.3.1.tgz"
      }
    },
    "is-function": {
      "version": "1.0.1",
      "resolved": "https://registry.npmjs.org/is-function/-/is-function-1.0.1.tgz",
      "integrity": "sha1-Es+5i2W1fdPRk6MSH19uL0N2ArU="
    },
    "is-in-browser": {
      "version": "1.1.3",
      "resolved": "https://registry.npmjs.org/is-in-browser/-/is-in-browser-1.1.3.tgz",
      "integrity": "sha1-Vv9NtoOgeMYILrldrX3GLh0E+DU="
    },
    "is-observable": {
      "version": "0.2.0",
      "resolved": "https://registry.npmjs.org/is-observable/-/is-observable-0.2.0.tgz",
      "integrity": "sha1-s2ExHYPG5dcmyr9eJQsCNxBvWuI=",
      "requires": {
        "symbol-observable": "0.2.4"
      },
      "dependencies": {
        "symbol-observable": {
          "version": "0.2.4",
          "resolved": "https://registry.npmjs.org/symbol-observable/-/symbol-observable-0.2.4.tgz",
          "integrity": "sha1-lag9smGG1q9+ehjb2XYKL4bQj0A="
        }
      }
    },
    "is-plain-object": {
      "version": "2.0.4",
      "resolved": "https://registry.npmjs.org/is-plain-object/-/is-plain-object-2.0.4.tgz",
      "integrity": "sha1-LBY7P6+xtgbZ0Xko8FwqHDjgdnc=",
      "requires": {
        "isobject": "3.0.1"
      },
      "dependencies": {
        "isobject": {
          "version": "3.0.1",
          "resolved": "https://registry.npmjs.org/isobject/-/isobject-3.0.1.tgz",
          "integrity": "sha1-TkMekrEalzFjaqH5yNHMvP2reN8="
        }
      }
    },
    "is-stream": {
      "version": "https://registry.npmjs.org/is-stream/-/is-stream-1.1.0.tgz",
      "integrity": "sha1-EtSj3U5o4Lec6428hBc66A2RykQ="
    },
    "isomorphic-fetch": {
      "version": "https://registry.npmjs.org/isomorphic-fetch/-/isomorphic-fetch-2.2.1.tgz",
      "integrity": "sha1-YRrhrPFPXoH3KVB0coGf6XM1WKk=",
      "requires": {
        "node-fetch": "https://registry.npmjs.org/node-fetch/-/node-fetch-1.7.3.tgz",
        "whatwg-fetch": "https://registry.npmjs.org/whatwg-fetch/-/whatwg-fetch-2.0.3.tgz"
      }
    },
    "jquery": {
      "version": "3.2.1",
      "resolved": "https://registry.npmjs.org/jquery/-/jquery-3.2.1.tgz",
      "integrity": "sha1-XE2d5lKvbNCncBVKYxu6ErAVx4c=",
      "dev": true
    },
    "js-tokens": {
      "version": "https://registry.npmjs.org/js-tokens/-/js-tokens-3.0.2.tgz",
      "integrity": "sha1-mGbfOVECEw449/mWvOtlRDIJwls="
    },
    "json-schema-traverse": {
      "version": "0.3.1",
      "resolved": "https://registry.npmjs.org/json-schema-traverse/-/json-schema-traverse-0.3.1.tgz",
      "integrity": "sha1-NJptRMU6Ud6JtAgFxdXlm0F9M0A="
    },
    "json5": {
      "version": "https://registry.npmjs.org/json5/-/json5-0.5.1.tgz",
      "integrity": "sha1-Hq3nrMASA0rYTiOWdn6tn6VJWCE="
    },
    "jss": {
      "version": "9.3.3",
      "resolved": "https://registry.npmjs.org/jss/-/jss-9.3.3.tgz",
      "integrity": "sha512-hr/x3wHZrk5k6GEMVvxvdajYZ8cx2FeII+dRfsbehcNT9bV5hctXATS45ckDjVGJzBqaKtxhRh+FE/qo05Q1eg==",
      "requires": {
        "is-in-browser": "1.1.3",
        "symbol-observable": "1.1.0",
        "warning": "https://registry.npmjs.org/warning/-/warning-3.0.0.tgz"
      }
    },
    "jss-camel-case": {
      "version": "6.0.0",
      "resolved": "https://registry.npmjs.org/jss-camel-case/-/jss-camel-case-6.0.0.tgz",
      "integrity": "sha1-fPhFPjlcMf7ZMdEe+8iF7c1hEy4="
    },
    "jss-compose": {
      "version": "5.0.0",
      "resolved": "https://registry.npmjs.org/jss-compose/-/jss-compose-5.0.0.tgz",
      "integrity": "sha1-zgGy5FIdZcN+pCz0kRbl96tZZIQ=",
      "requires": {
        "warning": "https://registry.npmjs.org/warning/-/warning-3.0.0.tgz"
      }
    },
    "jss-default-unit": {
      "version": "8.0.0",
      "resolved": "https://registry.npmjs.org/jss-default-unit/-/jss-default-unit-8.0.0.tgz",
      "integrity": "sha512-tzYgFePQL0neV3Z/oZlbv7XT9Oj2wd3DMjtRYtLGeExSz/SMyVyMhnVtuX01dWUAvA94RhkddvotpdpNDj2Y8g==",
      "requires": {
        "is-observable": "0.2.0"
      }
    },
    "jss-expand": {
      "version": "5.0.0",
      "resolved": "https://registry.npmjs.org/jss-expand/-/jss-expand-5.0.0.tgz",
      "integrity": "sha512-ndsp+OnIeIc5XIHRFZlLeKNZZW25xqgohhMAyBSUZNZDuUAI9pdod3psHGRaQzyNrU3aMupyBvHnIglBHHgNTg==",
      "requires": {
        "is-observable": "0.2.0"
      }
    },
    "jss-extend": {
      "version": "6.0.1",
      "resolved": "https://registry.npmjs.org/jss-extend/-/jss-extend-6.0.1.tgz",
      "integrity": "sha512-PgJRg6zkILmgiA4Ye6P33rTjHAVDx+/dN3syT2JE6EhylfmOYs/2d+MsMxXH+Fkh9wjlvNUiinlu7Mljl+TuXA==",
      "requires": {
        "is-observable": "0.2.0",
        "warning": "https://registry.npmjs.org/warning/-/warning-3.0.0.tgz"
      }
    },
    "jss-global": {
      "version": "3.0.0",
      "resolved": "https://registry.npmjs.org/jss-global/-/jss-global-3.0.0.tgz",
      "integrity": "sha1-4Z5ckasrljU8In4wqiy9k4zar6I="
    },
    "jss-nested": {
      "version": "6.0.1",
      "resolved": "https://registry.npmjs.org/jss-nested/-/jss-nested-6.0.1.tgz",
      "integrity": "sha1-75kredbo9j2TnEOXudmbXLvoJMo=",
      "requires": {
        "warning": "https://registry.npmjs.org/warning/-/warning-3.0.0.tgz"
      }
    },
    "jss-preset-default": {
      "version": "4.0.1",
      "resolved": "https://registry.npmjs.org/jss-preset-default/-/jss-preset-default-4.0.1.tgz",
      "integrity": "sha1-gizsuHwn/5FjN3RCL0wiHWFIa2U=",
      "requires": {
        "jss-camel-case": "6.0.0",
        "jss-compose": "5.0.0",
        "jss-default-unit": "8.0.0",
        "jss-expand": "5.0.0",
        "jss-extend": "6.0.1",
        "jss-global": "3.0.0",
        "jss-nested": "6.0.1",
        "jss-props-sort": "6.0.0",
        "jss-template": "1.0.0",
        "jss-vendor-prefixer": "7.0.0"
      }
    },
    "jss-props-sort": {
      "version": "6.0.0",
      "resolved": "https://registry.npmjs.org/jss-props-sort/-/jss-props-sort-6.0.0.tgz",
      "integrity": "sha1-kQUQGjtQcfq2Hi2F6nTMIumxYyM="
    },
    "jss-template": {
      "version": "1.0.0",
      "resolved": "https://registry.npmjs.org/jss-template/-/jss-template-1.0.0.tgz",
      "integrity": "sha1-S4dGCHBt3O7KzbVWfiVK7LbqabM=",
      "requires": {
        "warning": "https://registry.npmjs.org/warning/-/warning-3.0.0.tgz"
      }
    },
    "jss-vendor-prefixer": {
      "version": "7.0.0",
      "resolved": "https://registry.npmjs.org/jss-vendor-prefixer/-/jss-vendor-prefixer-7.0.0.tgz",
      "integrity": "sha1-AWZyllABXvGdnwJDfHNmcjFgXHE=",
      "requires": {
        "css-vendor": "0.3.8"
      }
    },
    "jszip": {
      "version": "2.5.0",
      "resolved": "https://registry.npmjs.org/jszip/-/jszip-2.5.0.tgz",
      "integrity": "sha1-dET9hVHd8+XacZj+oMkbyDCMwnQ=",
      "requires": {
        "pako": "0.2.9"
      },
      "dependencies": {
        "pako": {
          "version": "0.2.9",
          "resolved": "https://registry.npmjs.org/pako/-/pako-0.2.9.tgz",
          "integrity": "sha1-8/dSL073gjSNqBYbrZ7P1Rv4OnU="
        }
      }
    },
    "keycode": {
      "version": "2.1.9",
      "resolved": "https://registry.npmjs.org/keycode/-/keycode-2.1.9.tgz",
      "integrity": "sha1-lkojxU5IiUBbSGGlyfBIDUUUHfo="
    },
    "loader-utils": {
      "version": "https://registry.npmjs.org/loader-utils/-/loader-utils-1.1.0.tgz",
      "integrity": "sha1-yYrvSIvM7aL/teLeZG1qdUQp9c0=",
      "requires": {
        "big.js": "https://registry.npmjs.org/big.js/-/big.js-3.2.0.tgz",
        "emojis-list": "https://registry.npmjs.org/emojis-list/-/emojis-list-2.1.0.tgz",
        "json5": "https://registry.npmjs.org/json5/-/json5-0.5.1.tgz"
      }
    },
    "loose-envify": {
      "version": "https://registry.npmjs.org/loose-envify/-/loose-envify-1.3.1.tgz",
      "integrity": "sha1-0aitM/qc4OcT1l/dCsi3SNR4yEg=",
      "requires": {
        "js-tokens": "https://registry.npmjs.org/js-tokens/-/js-tokens-3.0.2.tgz"
      }
    },
    "lop": {
      "version": "0.4.0",
      "resolved": "https://registry.npmjs.org/lop/-/lop-0.4.0.tgz",
      "integrity": "sha1-Tw5DhNXE9FXQuG0lT9UqnQVZPCw=",
      "requires": {
        "duck": "0.1.11",
        "option": "0.2.4",
        "underscore": "1.4.4"
      },
      "dependencies": {
        "underscore": {
          "version": "1.4.4",
          "resolved": "https://registry.npmjs.org/underscore/-/underscore-1.4.4.tgz",
          "integrity": "sha1-YaajIBBiKvoHljvzJSA88SI51gQ="
        }
      }
    },
    "mammoth": {
      "version": "1.3.6",
      "resolved": "https://registry.npmjs.org/mammoth/-/mammoth-1.3.6.tgz",
      "integrity": "sha1-lGkgO9M43aGf+QZqBsQlcHbbl8c=",
      "requires": {
        "argparse": "https://registry.npmjs.org/argparse/-/argparse-1.0.9.tgz",
        "bluebird": "3.4.7",
        "jszip": "2.5.0",
        "lop": "0.4.0",
        "path-is-absolute": "https://registry.npmjs.org/path-is-absolute/-/path-is-absolute-1.0.1.tgz",
        "sax": "1.1.6",
        "underscore": "1.6.0",
        "xmlbuilder": "2.6.5"
      },
      "dependencies": {
        "sax": {
          "version": "1.1.6",
          "resolved": "https://registry.npmjs.org/sax/-/sax-1.1.6.tgz",
          "integrity": "sha1-XWFr6KXmB9VOEUr65Vt+ry/MMkA="
        }
      }
    },
    "no-scroll": {
      "version": "2.1.0",
      "resolved": "https://registry.npmjs.org/no-scroll/-/no-scroll-2.1.0.tgz",
      "integrity": "sha1-+GQ7PdtqO/lEMOX/MdJvIdCCppU="
    },
    "node-ensure": {
      "version": "0.0.0",
      "resolved": "https://registry.npmjs.org/node-ensure/-/node-ensure-0.0.0.tgz",
      "integrity": "sha1-7K52QVDemYYexcgQ/V0Jaxg5Mqc="
    },
    "node-fetch": {
      "version": "https://registry.npmjs.org/node-fetch/-/node-fetch-1.7.3.tgz",
      "integrity": "sha1-mA9vcthSEaU0fGsrwYxbhMPrR+8=",
      "requires": {
        "encoding": "https://registry.npmjs.org/encoding/-/encoding-0.1.12.tgz",
        "is-stream": "https://registry.npmjs.org/is-stream/-/is-stream-1.1.0.tgz"
      }
    },
    "object-assign": {
      "version": "https://registry.npmjs.org/object-assign/-/object-assign-4.1.1.tgz",
      "integrity": "sha1-IQmtx5ZYh8/AXLvUQsrIv7s2CGM="
    },
    "option": {
      "version": "0.2.4",
      "resolved": "https://registry.npmjs.org/option/-/option-0.2.4.tgz",
      "integrity": "sha1-/Udc35jcq7PLOXo7pShP60Xtv+Q="
    },
    "path-is-absolute": {
      "version": "https://registry.npmjs.org/path-is-absolute/-/path-is-absolute-1.0.1.tgz",
      "integrity": "sha1-F0uSaHNVNP+8es5r9TpanhtcX18="
    },
    "pdfjs-dist": {
      "version": "1.8.357",
      "resolved": "https://registry.npmjs.org/pdfjs-dist/-/pdfjs-dist-1.8.357.tgz",
      "integrity": "sha1-hcJJROgbZwgGVqYN17WPOjP70IQ=",
      "requires": {
        "node-ensure": "0.0.0",
        "worker-loader": "0.8.1"
      }
    },
    "printj": {
      "version": "1.1.0",
      "resolved": "https://registry.npmjs.org/printj/-/printj-1.1.0.tgz",
      "integrity": "sha1-hUh7Xo+WdjsLSiU2E7753Zs4fjw="
    },
    "promise": {
      "version": "https://registry.npmjs.org/promise/-/promise-7.3.1.tgz",
      "integrity": "sha1-BktyYCsY+Q8pGSuLG8QY/9Hr078=",
      "requires": {
        "asap": "https://registry.npmjs.org/asap/-/asap-2.0.6.tgz"
      }
    },
    "prop-types": {
      "version": "15.6.0",
      "resolved": "https://registry.npmjs.org/prop-types/-/prop-types-15.6.0.tgz",
      "integrity": "sha1-zq8IMCL8RrSjX2nhPvda7Q1jmFY=",
      "requires": {
        "fbjs": "https://registry.npmjs.org/fbjs/-/fbjs-0.8.16.tgz",
        "loose-envify": "https://registry.npmjs.org/loose-envify/-/loose-envify-1.3.1.tgz",
        "object-assign": "https://registry.npmjs.org/object-assign/-/object-assign-4.1.1.tgz"
      }
    },
    "prop-types-extra": {
      "version": "1.0.1",
      "resolved": "https://registry.npmjs.org/prop-types-extra/-/prop-types-extra-1.0.1.tgz",
      "integrity": "sha1-pXvUgQ6C0no/9DF+zBtK0AX3moI=",
      "requires": {
        "warning": "https://registry.npmjs.org/warning/-/warning-3.0.0.tgz"
      }
    },
    "react": {
      "version": "https://registry.npmjs.org/react/-/react-15.5.4.tgz",
      "integrity": "sha1-+oPrAVBqsjfNwcjDsc6o3gEr8Ec=",
      "requires": {
        "fbjs": "https://registry.npmjs.org/fbjs/-/fbjs-0.8.16.tgz",
        "loose-envify": "https://registry.npmjs.org/loose-envify/-/loose-envify-1.3.1.tgz",
        "object-assign": "https://registry.npmjs.org/object-assign/-/object-assign-4.1.1.tgz",
        "prop-types": "15.6.0"
      }
    },
    "react-bootstrap": {
      "version": "0.31.5",
      "resolved": "https://registry.npmjs.org/react-bootstrap/-/react-bootstrap-0.31.5.tgz",
      "integrity": "sha1-VwQPqLEnTh4HSAPCGhuJX9q+oFo=",
      "requires": {
        "babel-runtime": "https://registry.npmjs.org/babel-runtime/-/babel-runtime-6.26.0.tgz",
        "classnames": "https://registry.npmjs.org/classnames/-/classnames-2.2.5.tgz",
        "dom-helpers": "https://registry.npmjs.org/dom-helpers/-/dom-helpers-3.2.1.tgz",
        "invariant": "https://registry.npmjs.org/invariant/-/invariant-2.2.2.tgz",
        "keycode": "2.1.9",
        "prop-types": "15.6.0",
        "prop-types-extra": "1.0.1",
        "react-overlays": "0.7.4",
        "uncontrollable": "4.1.0",
        "warning": "https://registry.npmjs.org/warning/-/warning-3.0.0.tgz"
      }
    },
    "react-data-grid": {
      "version": "2.0.78",
      "resolved": "https://registry.npmjs.org/react-data-grid/-/react-data-grid-2.0.78.tgz",
      "integrity": "sha1-+d3kioBNGdookW732qCaWKvmM8Y="
    },
    "react-dom": {
      "version": "https://registry.npmjs.org/react-dom/-/react-dom-15.5.4.tgz",
      "integrity": "sha1-ugwoeG/VLtfk8hNf4CiNRirvk9o=",
      "requires": {
        "fbjs": "https://registry.npmjs.org/fbjs/-/fbjs-0.8.16.tgz",
        "loose-envify": "https://registry.npmjs.org/loose-envify/-/loose-envify-1.3.1.tgz",
        "object-assign": "https://registry.npmjs.org/object-assign/-/object-assign-4.1.1.tgz",
        "prop-types": "https://registry.npmjs.org/prop-types/-/prop-types-15.5.10.tgz"
      },
      "dependencies": {
        "prop-types": {
          "version": "https://registry.npmjs.org/prop-types/-/prop-types-15.5.10.tgz",
          "integrity": "sha1-J5ffwxJhguOpXj37suiT3ddFYVQ=",
          "requires": {
            "fbjs": "https://registry.npmjs.org/fbjs/-/fbjs-0.8.16.tgz",
            "loose-envify": "https://registry.npmjs.org/loose-envify/-/loose-envify-1.3.1.tgz"
          }
        }
      }
    },
    "react-file-viewer": {
      "version": "0.3.49",
      "resolved": "https://registry.npmjs.org/react-file-viewer/-/react-file-viewer-0.3.49.tgz",
      "integrity": "sha1-m7Dq6w2yP+iuJU5fyHPTy/QM39A=",
      "requires": {
        "comma-separated-values": "3.6.4",
        "mammoth": "1.3.6",
        "pdfjs-dist": "1.8.357",
        "prop-types": "15.6.0",
        "react": "https://registry.npmjs.org/react/-/react-15.5.4.tgz",
        "react-data-grid": "2.0.78",
        "react-dom": "https://registry.npmjs.org/react-dom/-/react-dom-15.5.4.tgz",
        "react-visibility-sensor": "3.6.2",
        "three": "0.85.2",
        "xlsx": "0.10.9"
      }
    },
    "react-jss": {
      "version": "8.1.0",
      "resolved": "https://registry.npmjs.org/react-jss/-/react-jss-8.1.0.tgz",
      "integrity": "sha1-fu/j0SHTHVZQEY/E9rEZ44jNQ7o=",
      "requires": {
        "hoist-non-react-statics": "https://registry.npmjs.org/hoist-non-react-statics/-/hoist-non-react-statics-2.3.1.tgz",
        "jss": "9.3.3",
        "jss-preset-default": "4.0.1",
        "prop-types": "15.6.0",
        "theming": "1.2.1"
      }
    },
    "react-minimalist-portal": {
      "version": "2.1.1",
      "resolved": "https://registry.npmjs.org/react-minimalist-portal/-/react-minimalist-portal-2.1.1.tgz",
      "integrity": "sha1-0yxAP0RsXLkQYOOjxwvrqMPQjI8=",
      "requires": {
        "prop-types": "15.6.0"
      }
    },
    "react-modal": {
      "version": "3.1.10",
      "resolved": "https://registry.npmjs.org/react-modal/-/react-modal-3.1.10.tgz",
      "integrity": "sha512-7b77AGWCkdg0YOf/qcYIGCpuwbxRwOA8P3UrUovk4grUNv+idOmHovJAx/Dcd3fuwHtgixxVjpcjVG60985MSA==",
      "requires": {
        "exenv": "1.2.2",
        "prop-types": "15.6.0",
        "warning": "https://registry.npmjs.org/warning/-/warning-3.0.0.tgz"
      }
    },
    "react-overlays": {
      "version": "0.7.4",
      "resolved": "https://registry.npmjs.org/react-overlays/-/react-overlays-0.7.4.tgz",
      "integrity": "sha1-7y7GUsNESriqAUJisY9mIGjlbVw=",
      "requires": {
        "classnames": "https://registry.npmjs.org/classnames/-/classnames-2.2.5.tgz",
        "dom-helpers": "https://registry.npmjs.org/dom-helpers/-/dom-helpers-3.2.1.tgz",
        "prop-types": "15.6.0",
        "prop-types-extra": "1.0.1",
        "warning": "https://registry.npmjs.org/warning/-/warning-3.0.0.tgz"
      }
    },
    "react-responsive-modal": {
      "version": "2.0.0",
      "resolved": "https://registry.npmjs.org/react-responsive-modal/-/react-responsive-modal-2.0.0.tgz",
      "integrity": "sha1-ZOgkJ1YfS3aJsjkuvlyWUojdHTA=",
      "requires": {
        "classnames": "https://registry.npmjs.org/classnames/-/classnames-2.2.5.tgz",
        "no-scroll": "2.1.0",
        "prop-types": "15.6.0",
        "react-jss": "8.1.0",
        "react-minimalist-portal": "2.1.1",
        "react-transition-group": "2.2.1"
      }
    },
    "react-transition-group": {
      "version": "2.2.1",
      "resolved": "https://registry.npmjs.org/react-transition-group/-/react-transition-group-2.2.1.tgz",
      "integrity": "sha1-6ftne3nmRV/TkbA4I6/oSEnfShA=",
      "requires": {
        "chain-function": "1.0.0",
        "classnames": "https://registry.npmjs.org/classnames/-/classnames-2.2.5.tgz",
        "dom-helpers": "https://registry.npmjs.org/dom-helpers/-/dom-helpers-3.2.1.tgz",
        "loose-envify": "https://registry.npmjs.org/loose-envify/-/loose-envify-1.3.1.tgz",
        "prop-types": "15.6.0",
        "warning": "https://registry.npmjs.org/warning/-/warning-3.0.0.tgz"
      }
    },
    "react-visibility-sensor": {
      "version": "3.6.2",
      "resolved": "https://registry.npmjs.org/react-visibility-sensor/-/react-visibility-sensor-3.6.2.tgz",
      "integrity": "sha1-AjpeUiMPHQnmrboFeqeR0zLuscA="
    },
    "regenerator-runtime": {
      "version": "https://registry.npmjs.org/regenerator-runtime/-/regenerator-runtime-0.11.0.tgz",
      "integrity": "sha1-flT+W1zNXWYk6mJVw0c74JC4AuE="
    },
    "schema-utils": {
      "version": "0.3.0",
      "resolved": "https://registry.npmjs.org/schema-utils/-/schema-utils-0.3.0.tgz",
      "integrity": "sha1-9YdyIs4+kx7a4DnxfrNxbnE3+M8=",
      "requires": {
        "ajv": "5.5.1"
      },
      "dependencies": {
        "ajv": {
          "version": "5.5.1",
          "resolved": "https://registry.npmjs.org/ajv/-/ajv-5.5.1.tgz",
          "integrity": "sha1-s4u4h22ehr7plJVqBOch6IskjrI=",
          "requires": {
            "co": "https://registry.npmjs.org/co/-/co-4.6.0.tgz",
            "fast-deep-equal": "1.0.0",
            "fast-json-stable-stringify": "2.0.0",
            "json-schema-traverse": "0.3.1"
          }
        }
      }
    },
    "setimmediate": {
      "version": "https://registry.npmjs.org/setimmediate/-/setimmediate-1.0.5.tgz",
      "integrity": "sha1-KQy7Iy4waULX1+qbg3Mqt4VvgoU="
    },
    "sprintf-js": {
      "version": "https://registry.npmjs.org/sprintf-js/-/sprintf-js-1.0.3.tgz",
      "integrity": "sha1-BOaSb2YolTVPPdAVIDYzuFcpfiw="
    },
    "ssf": {
      "version": "0.10.1",
      "resolved": "https://registry.npmjs.org/ssf/-/ssf-0.10.1.tgz",
      "integrity": "sha1-8j2CtjeS71YIkInBzQyEjpEc26Y=",
      "requires": {
        "frac": "1.1.0"
      }
    },
    "symbol-observable": {
      "version": "1.1.0",
      "resolved": "https://registry.npmjs.org/symbol-observable/-/symbol-observable-1.1.0.tgz",
      "integrity": "sha1-XGj9jVQRXZ37cqhHIFSSIujbmzI="
    },
    "theming": {
      "version": "1.2.1",
      "resolved": "https://registry.npmjs.org/theming/-/theming-1.2.1.tgz",
      "integrity": "sha1-PeC+aWM5xsIDATpsaNHBBXlz3EQ=",
      "requires": {
        "brcast": "3.0.1",
        "is-function": "1.0.1",
        "is-plain-object": "2.0.4",
        "prop-types": "15.6.0"
      }
    },
    "three": {
      "version": "0.85.2",
      "resolved": "https://registry.npmjs.org/three/-/three-0.85.2.tgz",
      "integrity": "sha1-iTb4nDZo978S+bCF3fXdQJkW6ic="
    },
    "ua-parser-js": {
      "version": "https://registry.npmjs.org/ua-parser-js/-/ua-parser-js-0.7.17.tgz",
      "integrity": "sha1-6exflJi57JEOeuOsYmqAXE0J7Kw="
    },
    "uncontrollable": {
      "version": "4.1.0",
      "resolved": "https://registry.npmjs.org/uncontrollable/-/uncontrollable-4.1.0.tgz",
      "integrity": "sha1-4DWCkSUuGGUiLZCTmxny9J+Bwak=",
      "requires": {
        "invariant": "https://registry.npmjs.org/invariant/-/invariant-2.2.2.tgz"
      }
    },
    "underscore": {
      "version": "1.6.0",
      "resolved": "https://registry.npmjs.org/underscore/-/underscore-1.6.0.tgz",
      "integrity": "sha1-izixDKze9jM3uLJOT/htRa6lKag="
    },
    "url-loader": {
      "version": "https://registry.npmjs.org/url-loader/-/url-loader-0.5.8.tgz",
      "integrity": "sha1-uRg7GAHg+EdxhnNnMEC8ncHHFcU=",
      "dev": true,
      "requires": {
        "loader-utils": "https://registry.npmjs.org/loader-utils/-/loader-utils-1.1.0.tgz",
        "mime": "https://registry.npmjs.org/mime/-/mime-1.3.6.tgz"
      },
      "dependencies": {
        "mime": {
          "version": "https://registry.npmjs.org/mime/-/mime-1.3.6.tgz",
          "integrity": "sha1-WR2E02U6awtKO5343lqoEI5y5eA=",
          "dev": true
        }
      }
    },
    "voc": {
      "version": "1.0.0",
      "resolved": "https://registry.npmjs.org/voc/-/voc-1.0.0.tgz",
      "integrity": "sha1-VGXAzhHQiB99jjbYylhwQ/M6Ja4="
    },
    "warning": {
      "version": "https://registry.npmjs.org/warning/-/warning-3.0.0.tgz",
      "integrity": "sha1-MuU3fLVy3kqwR1O9+IIcAe1gW3w=",
      "requires": {
        "loose-envify": "https://registry.npmjs.org/loose-envify/-/loose-envify-1.3.1.tgz"
      }
    },
    "whatwg-fetch": {
      "version": "https://registry.npmjs.org/whatwg-fetch/-/whatwg-fetch-2.0.3.tgz",
      "integrity": "sha1-nITsLc9oGH/wC8ZOEnS0QhduHIQ="
    },
    "worker-loader": {
      "version": "0.8.1",
      "resolved": "https://registry.npmjs.org/worker-loader/-/worker-loader-0.8.1.tgz",
      "integrity": "sha1-6OmVMx6jTfW/aCloJL+38K1XjUM=",
      "requires": {
        "loader-utils": "https://registry.npmjs.org/loader-utils/-/loader-utils-1.1.0.tgz",
        "schema-utils": "0.3.0"
      }
    },
    "xlsx": {
      "version": "0.10.9",
      "resolved": "https://registry.npmjs.org/xlsx/-/xlsx-0.10.9.tgz",
      "integrity": "sha1-LEPYwE7CUh1hlVKHJG6o3v4ZJ18=",
      "requires": {
        "adler-32": "1.1.0",
        "cfb": "0.12.1",
        "codepage": "1.10.2",
        "commander": "2.11.0",
        "crc-32": "1.1.1",
        "exit-on-epipe": "1.0.1",
        "ssf": "0.10.1"
      }
    },
    "xmlbuilder": {
      "version": "2.6.5",
      "resolved": "https://registry.npmjs.org/xmlbuilder/-/xmlbuilder-2.6.5.tgz",
      "integrity": "sha1-b/etYPty0idk8AehZLd/K/FABSY=",
      "requires": {
        "lodash": "3.10.1"
      },
      "dependencies": {
        "lodash": {
          "version": "3.10.1",
          "resolved": "https://registry.npmjs.org/lodash/-/lodash-3.10.1.tgz",
          "integrity": "sha1-W/Rejkm6QYnhfUgnid/RW9FAt7Y="
        }
      }
    }
  }
}
